
Microsoft Visual Studio Solution File, Format Version 12.00
# Visual Studio 14
VisualStudioVersion = 14.0.23107.0
MinimumVisualStudioVersion = 10.0.40219.1
Project("{FAE04EC0-301F-11D3-BF4B-00C04F79EFBC}") = "mihan company", "mihan company\mihan company.csproj", "{1FBB05A4-2F22-4A8D-9629-EF9F248D2280}"
EndProject
Project("{54435603-DBB4-11D2-8724-00A0C9A8B90C}") = "MihanCo", "MihanCo\MihanCo.vdproj", "{B5EF1A79-22DD-4500-A1CF-6EE4379EB687}"
EndProject
Global
	GlobalSection(SolutionConfigurationPlatforms) = preSolution
		Debug|Any CPU = Debug|Any CPU
		Release|Any CPU = Release|Any CPU
	EndGlobalSection
	GlobalSection(ProjectConfigurationPlatforms) = postSolution
		{1FBB05A4-2F22-4A8D-9629-EF9F248D2280}.Debug|Any CPU.ActiveCfg = Debug|Any CPU
		{1FBB05A4-2F22-4A8D-9629-EF9F248D2280}.Debug|Any CPU.Build.0 = Debug|Any CPU
		{1FBB05A4-2F22-4A8D-9629-EF9F248D2280}.Release|Any CPU.ActiveCfg = Release|Any CPU
		{1FBB05A4-2F22-4A8D-9629-EF9F248D2280}.Release|Any CPU.Build.0 = Release|Any CPU
		{B5EF1A79-22DD-4500-A1CF-6EE4379EB687}.Debug|Any CPU.ActiveCfg = Debug
		{B5EF1A79-22DD-4500-A1CF-6EE4379EB687}.Release|Any CPU.ActiveCfg = Release
	EndGlobalSection
	GlobalSection(SolutionProperties) = preSolution
		HideSolutionNode = FALSE
	EndGlobalSection
EndGlobal
